
Microsoft Visual Studio Solution File, Format Version 12.00
Project("{FAE04EC0-301F-11D3-BF4B-00C04F79EFBC}") = "StlOrganizer.Gui", "StlOrganizer.Gui\StlOrganizer.Gui.csproj", "{C5699AD4-FE95-43B3-9652-2B6AA7797E29}"
EndProject
Project("{FAE04EC0-301F-11D3-BF4B-00C04F79EFBC}") = "StlOrganizer.Library", "StlOrganizer.Library\StlOrganizer.Library.csproj", "{49B1522C-0D2B-44F1-9076-1A78822B44A5}"
EndProject
Project("{2150E333-8FDC-42A3-9474-1A3956D46DE8}") = "src", "src", "{7EAA0445-738A-4863-AADE-761F9948E249}"
EndProject
Project("{2150E333-8FDC-42A3-9474-1A3956D46DE8}") = "tests", "tests", "{7AB44B7F-914F-4CBF-B34A-64DF45EC4D49}"
EndProject
Project("{FAE04EC0-301F-11D3-BF4B-00C04F79EFBC}") = "StlOrganizer.Library.Tests", "StlOrganizer.Library.Tests\StlOrganizer.Library.Tests.csproj", "{2C3B9F80-F7EF-4B06-81A3-C1FD9909AB2D}"
EndProject
Global
	GlobalSection(SolutionConfigurationPlatforms) = preSolution
		Debug|Any CPU = Debug|Any CPU
		Release|Any CPU = Release|Any CPU
	EndGlobalSection
	GlobalSection(ProjectConfigurationPlatforms) = postSolution
		{C5699AD4-FE95-43B3-9652-2B6AA7797E29}.Debug|Any CPU.ActiveCfg = Debug|Any CPU
		{C5699AD4-FE95-43B3-9652-2B6AA7797E29}.Debug|Any CPU.Build.0 = Debug|Any CPU
		{C5699AD4-FE95-43B3-9652-2B6AA7797E29}.Release|Any CPU.ActiveCfg = Release|Any CPU
		{C5699AD4-FE95-43B3-9652-2B6AA7797E29}.Release|Any CPU.Build.0 = Release|Any CPU
		{49B1522C-0D2B-44F1-9076-1A78822B44A5}.Debug|Any CPU.ActiveCfg = Debug|Any CPU
		{49B1522C-0D2B-44F1-9076-1A78822B44A5}.Debug|Any CPU.Build.0 = Debug|Any CPU
		{49B1522C-0D2B-44F1-9076-1A78822B44A5}.Release|Any CPU.ActiveCfg = Release|Any CPU
		{49B1522C-0D2B-44F1-9076-1A78822B44A5}.Release|Any CPU.Build.0 = Release|Any CPU
		{2C3B9F80-F7EF-4B06-81A3-C1FD9909AB2D}.Debug|Any CPU.ActiveCfg = Debug|Any CPU
		{2C3B9F80-F7EF-4B06-81A3-C1FD9909AB2D}.Debug|Any CPU.Build.0 = Debug|Any CPU
		{2C3B9F80-F7EF-4B06-81A3-C1FD9909AB2D}.Release|Any CPU.ActiveCfg = Release|Any CPU
		{2C3B9F80-F7EF-4B06-81A3-C1FD9909AB2D}.Release|Any CPU.Build.0 = Release|Any CPU
	EndGlobalSection
	GlobalSection(NestedProjects) = preSolution
		{C5699AD4-FE95-43B3-9652-2B6AA7797E29} = {7EAA0445-738A-4863-AADE-761F9948E249}
		{49B1522C-0D2B-44F1-9076-1A78822B44A5} = {7EAA0445-738A-4863-AADE-761F9948E249}
		{2C3B9F80-F7EF-4B06-81A3-C1FD9909AB2D} = {7AB44B7F-914F-4CBF-B34A-64DF45EC4D49}
	EndGlobalSection
EndGlobal
